
Microsoft Visual Studio Solution File, Format Version 12.00
# Visual Studio Version 16
VisualStudioVersion = 16.0.31624.102
MinimumVisualStudioVersion = 10.0.40219.1
Project("{FAE04EC0-301F-11D3-BF4B-00C04F79EFBC}") = "GUI_SMS", "GUI_SMS\GUI_SMS.csproj", "{B546B2CB-D4E0-4E53-9285-45B07A191BEF}"
EndProject
Project("{FAE04EC0-301F-11D3-BF4B-00C04F79EFBC}") = "DAL_SMS", "DAL_SMS\DAL_SMS.csproj", "{0D7C2453-003D-4748-A8E9-99341A802885}"
EndProject
Project("{FAE04EC0-301F-11D3-BF4B-00C04F79EFBC}") = "BUS_SMS", "BUS_SMS\BUS_SMS.csproj", "{5BFA734F-4FF0-468F-850A-9D319EBBF4A2}"
EndProject
Global
	GlobalSection(SolutionConfigurationPlatforms) = preSolution
		Debug|Any CPU = Debug|Any CPU
		Release|Any CPU = Release|Any CPU
	EndGlobalSection
	GlobalSection(ProjectConfigurationPlatforms) = postSolution
		{B546B2CB-D4E0-4E53-9285-45B07A191BEF}.Debug|Any CPU.ActiveCfg = Debug|Any CPU
		{B546B2CB-D4E0-4E53-9285-45B07A191BEF}.Debug|Any CPU.Build.0 = Debug|Any CPU
		{B546B2CB-D4E0-4E53-9285-45B07A191BEF}.Release|Any CPU.ActiveCfg = Release|Any CPU
		{B546B2CB-D4E0-4E53-9285-45B07A191BEF}.Release|Any CPU.Build.0 = Release|Any CPU
		{0D7C2453-003D-4748-A8E9-99341A802885}.Debug|Any CPU.ActiveCfg = Debug|Any CPU
		{0D7C2453-003D-4748-A8E9-99341A802885}.Debug|Any CPU.Build.0 = Debug|Any CPU
		{0D7C2453-003D-4748-A8E9-99341A802885}.Release|Any CPU.ActiveCfg = Release|Any CPU
		{0D7C2453-003D-4748-A8E9-99341A802885}.Release|Any CPU.Build.0 = Release|Any CPU
		{5BFA734F-4FF0-468F-850A-9D319EBBF4A2}.Debug|Any CPU.ActiveCfg = Debug|Any CPU
		{5BFA734F-4FF0-468F-850A-9D319EBBF4A2}.Debug|Any CPU.Build.0 = Debug|Any CPU
		{5BFA734F-4FF0-468F-850A-9D319EBBF4A2}.Release|Any CPU.ActiveCfg = Release|Any CPU
		{5BFA734F-4FF0-468F-850A-9D319EBBF4A2}.Release|Any CPU.Build.0 = Release|Any CPU
	EndGlobalSection
	GlobalSection(SolutionProperties) = preSolution
		HideSolutionNode = FALSE
	EndGlobalSection
	GlobalSection(ExtensibilityGlobals) = postSolution
		SolutionGuid = {EF96668E-C809-40DE-8A9D-5A43511F7ECD}
	EndGlobalSection
EndGlobal
